
Microsoft Visual Studio Solution File, Format Version 12.00
# Visual Studio 15
VisualStudioVersion = 15.0.27004.2002
MinimumVisualStudioVersion = 10.0.40219.1
Project("{2150E333-8FDC-42A3-9474-1A3956D46DE8}") = "Main", "Main", "{C99F66F0-32AA-45EB-B112-D18498754A6B}"
EndProject
Project("{2150E333-8FDC-42A3-9474-1A3956D46DE8}") = "Experimental", "Experimental", "{D56CF63D-0A29-4F5A-8E2C-0DAF338119EE}"
EndProject
Project("{2150E333-8FDC-42A3-9474-1A3956D46DE8}") = "Solution Items", "Solution Items", "{1C7E7F10-7332-42A4-A73D-1F05E656B0EC}"
	ProjectSection(SolutionItems) = preProject
		CodeJamDoc.shfbproj = CodeJamDoc.shfbproj
		CONTRIBUTING.md = CONTRIBUTING.md
		LICENSE = LICENSE
		README.md = README.md
		TestsGuidelines.md = TestsGuidelines.md
	EndProjectSection
EndProject
Project("{2150E333-8FDC-42A3-9474-1A3956D46DE8}") = "Blocks", "Blocks", "{3C9AF2DF-1323-4471-B4DE-DE3D1A2A580C}"
EndProject
Project("{2150E333-8FDC-42A3-9474-1A3956D46DE8}") = "Build", "Build", "{52A32895-CD49-4F28-A507-5F7B2FD50CD7}"
	ProjectSection(SolutionItems) = preProject
		appveyor.doc.yml = appveyor.doc.yml
		appveyor.yml = appveyor.yml
	EndProjectSection
EndProject
Project("{9A19103F-16F7-4668-BE54-9A1E7A4F7556}") = "Build", "Build\Build.csproj", "{A5E8EB9D-6AF1-45AA-88E2-3233211A7170}"
EndProject
Project("{9A19103F-16F7-4668-BE54-9A1E7A4F7556}") = "CodeJam.Main", "CodeJam.Main\CodeJam.Main.csproj", "{2F2046CC-FB47-4318-B335-5A82B04B6C40}"
EndProject
Project("{9A19103F-16F7-4668-BE54-9A1E7A4F7556}") = "CodeJam.Main.Tests", "CodeJam.Main.Tests\CodeJam.Main.Tests.csproj", "{DD65E3F2-9658-4242-A8AA-056028473CB1}"
EndProject
Project("{9A19103F-16F7-4668-BE54-9A1E7A4F7556}") = "CodeJam.Blocks", "CodeJam.Blocks\CodeJam.Blocks.csproj", "{0DFF0859-2400-4487-83AD-0ED10203D6D9}"
EndProject
Project("{9A19103F-16F7-4668-BE54-9A1E7A4F7556}") = "CodeJam.Blocks.Tests", "CodeJam.Blocks.Tests\CodeJam.Blocks.Tests.csproj", "{2A52D7F6-AAFC-4AC4-9901-252C13D96E53}"
EndProject
Project("{9A19103F-16F7-4668-BE54-9A1E7A4F7556}") = "CodeJam.Experimental", "CodeJam.Experimental\CodeJam.Experimental.csproj", "{7BD77DA2-A731-400C-A88E-215FC592E6E3}"
EndProject
Project("{9A19103F-16F7-4668-BE54-9A1E7A4F7556}") = "CodeJam.Experimental.Tests", "CodeJam.Experimental.Tests\CodeJam.Experimental.Tests.csproj", "{F6F97573-4D26-4217-89F6-819DF96FCB4A}"
EndProject
Global
	GlobalSection(SolutionConfigurationPlatforms) = preSolution
		Debug|Any CPU = Debug|Any CPU
		Release|Any CPU = Release|Any CPU
	EndGlobalSection
	GlobalSection(ProjectConfigurationPlatforms) = postSolution
		{A5E8EB9D-6AF1-45AA-88E2-3233211A7170}.Debug|Any CPU.ActiveCfg = Debug|Any CPU
		{A5E8EB9D-6AF1-45AA-88E2-3233211A7170}.Debug|Any CPU.Build.0 = Debug|Any CPU
		{A5E8EB9D-6AF1-45AA-88E2-3233211A7170}.Release|Any CPU.ActiveCfg = Release|Any CPU
		{A5E8EB9D-6AF1-45AA-88E2-3233211A7170}.Release|Any CPU.Build.0 = Release|Any CPU
		{2F2046CC-FB47-4318-B335-5A82B04B6C40}.Debug|Any CPU.ActiveCfg = Debug|Any CPU
		{2F2046CC-FB47-4318-B335-5A82B04B6C40}.Debug|Any CPU.Build.0 = Debug|Any CPU
		{2F2046CC-FB47-4318-B335-5A82B04B6C40}.Release|Any CPU.ActiveCfg = Release|Any CPU
		{2F2046CC-FB47-4318-B335-5A82B04B6C40}.Release|Any CPU.Build.0 = Release|Any CPU
		{DD65E3F2-9658-4242-A8AA-056028473CB1}.Debug|Any CPU.ActiveCfg = Debug|Any CPU
		{DD65E3F2-9658-4242-A8AA-056028473CB1}.Debug|Any CPU.Build.0 = Debug|Any CPU
		{DD65E3F2-9658-4242-A8AA-056028473CB1}.Release|Any CPU.ActiveCfg = Release|Any CPU
		{DD65E3F2-9658-4242-A8AA-056028473CB1}.Release|Any CPU.Build.0 = Release|Any CPU
		{0DFF0859-2400-4487-83AD-0ED10203D6D9}.Debug|Any CPU.ActiveCfg = Debug|Any CPU
		{0DFF0859-2400-4487-83AD-0ED10203D6D9}.Debug|Any CPU.Build.0 = Debug|Any CPU
		{0DFF0859-2400-4487-83AD-0ED10203D6D9}.Release|Any CPU.ActiveCfg = Release|Any CPU
		{0DFF0859-2400-4487-83AD-0ED10203D6D9}.Release|Any CPU.Build.0 = Release|Any CPU
		{2A52D7F6-AAFC-4AC4-9901-252C13D96E53}.Debug|Any CPU.ActiveCfg = Debug|Any CPU
		{2A52D7F6-AAFC-4AC4-9901-252C13D96E53}.Debug|Any CPU.Build.0 = Debug|Any CPU
		{2A52D7F6-AAFC-4AC4-9901-252C13D96E53}.Release|Any CPU.ActiveCfg = Release|Any CPU
		{2A52D7F6-AAFC-4AC4-9901-252C13D96E53}.Release|Any CPU.Build.0 = Release|Any CPU
		{7BD77DA2-A731-400C-A88E-215FC592E6E3}.Debug|Any CPU.ActiveCfg = Debug|Any CPU
		{7BD77DA2-A731-400C-A88E-215FC592E6E3}.Debug|Any CPU.Build.0 = Debug|Any CPU
		{7BD77DA2-A731-400C-A88E-215FC592E6E3}.Release|Any CPU.ActiveCfg = Release|Any CPU
		{7BD77DA2-A731-400C-A88E-215FC592E6E3}.Release|Any CPU.Build.0 = Release|Any CPU
		{F6F97573-4D26-4217-89F6-819DF96FCB4A}.Debug|Any CPU.ActiveCfg = Debug|Any CPU
		{F6F97573-4D26-4217-89F6-819DF96FCB4A}.Debug|Any CPU.Build.0 = Debug|Any CPU
		{F6F97573-4D26-4217-89F6-819DF96FCB4A}.Release|Any CPU.ActiveCfg = Release|Any CPU
		{F6F97573-4D26-4217-89F6-819DF96FCB4A}.Release|Any CPU.Build.0 = Release|Any CPU
	EndGlobalSection
	GlobalSection(SolutionProperties) = preSolution
		HideSolutionNode = FALSE
	EndGlobalSection
	GlobalSection(NestedProjects) = preSolution
		{A5E8EB9D-6AF1-45AA-88E2-3233211A7170} = {52A32895-CD49-4F28-A507-5F7B2FD50CD7}
		{2F2046CC-FB47-4318-B335-5A82B04B6C40} = {C99F66F0-32AA-45EB-B112-D18498754A6B}
		{DD65E3F2-9658-4242-A8AA-056028473CB1} = {C99F66F0-32AA-45EB-B112-D18498754A6B}
		{0DFF0859-2400-4487-83AD-0ED10203D6D9} = {3C9AF2DF-1323-4471-B4DE-DE3D1A2A580C}
		{2A52D7F6-AAFC-4AC4-9901-252C13D96E53} = {3C9AF2DF-1323-4471-B4DE-DE3D1A2A580C}
		{7BD77DA2-A731-400C-A88E-215FC592E6E3} = {D56CF63D-0A29-4F5A-8E2C-0DAF338119EE}
		{F6F97573-4D26-4217-89F6-819DF96FCB4A} = {D56CF63D-0A29-4F5A-8E2C-0DAF338119EE}
	EndGlobalSection
	GlobalSection(ExtensibilityGlobals) = postSolution
		SolutionGuid = {9CBFB09D-7C56-44E7-9737-13FA2053795F}
	EndGlobalSection
EndGlobal
