
Microsoft Visual Studio Solution File, Format Version 12.00
# Visual Studio 15
VisualStudioVersion = 15.0.28307.136
MinimumVisualStudioVersion = 10.0.40219.1
Project("{2150E333-8FDC-42A3-9474-1A3956D46DE8}") = "Build", "Build", "{9D0AA096-A8A5-4231-B383-6D7E92EF635B}"
EndProject
Project("{9A19103F-16F7-4668-BE54-9A1E7A4F7556}") = "Build", "Build\Build.csproj", "{FDC12C75-44C6-4A55-95A1-1B55060B1B61}"
EndProject
Project("{2150E333-8FDC-42A3-9474-1A3956D46DE8}") = "Main", "Main", "{9B5B71C3-9E80-46CA-B3C4-7969E69AAABA}"
EndProject
Project("{2150E333-8FDC-42A3-9474-1A3956D46DE8}") = "Tests", "Tests", "{F3EABF15-EEED-4DB5-81EB-D09C76446CEC}"
EndProject
Project("{9A19103F-16F7-4668-BE54-9A1E7A4F7556}") = "CodeJam.PerfTests", "CodeJam.PerfTests\CodeJam.PerfTests.csproj", "{1D650545-A151-4211-8C29-C38A939403A6}"
EndProject
Project("{9A19103F-16F7-4668-BE54-9A1E7A4F7556}") = "CodeJam.PerfTests.Etw", "CodeJam.PerfTests.Etw\CodeJam.PerfTests.Etw.csproj", "{0F9C7A70-2B31-4364-BD7F-EE5BB6F3E38D}"
EndProject
Project("{9A19103F-16F7-4668-BE54-9A1E7A4F7556}") = "CodeJam.PerfTests.NUnit", "CodeJam.PerfTests.NUnit\CodeJam.PerfTests.NUnit.csproj", "{8ABF1A06-4643-49D6-A546-B7473DB10102}"
EndProject
Project("{9A19103F-16F7-4668-BE54-9A1E7A4F7556}") = "CodeJam.PerfTests.xUnit", "CodeJam.PerfTests.xUnit\CodeJam.PerfTests.xUnit.csproj", "{92C6E5F8-FFEE-4269-92D7-BB9CFEB63D4B}"
EndProject
Project("{9A19103F-16F7-4668-BE54-9A1E7A4F7556}") = "CodeJam.PerfTests.MSTest", "CodeJam.PerfTests.MSTest\CodeJam.PerfTests.MSTest.csproj", "{84C380D0-0EA7-4262-BB9E-44C7156EC091}"
EndProject
Project("{9A19103F-16F7-4668-BE54-9A1E7A4F7556}") = "CodeJam.PerfTests.Tests", "CodeJam.PerfTests.Tests\CodeJam.PerfTests.Tests.csproj", "{08E84F45-2782-4D2E-85C0-FE86AF491C94}"
EndProject
Project("{9A19103F-16F7-4668-BE54-9A1E7A4F7556}") = "CodeJam.PerfTests.NUnit.Tests", "CodeJam.PerfTests.NUnit.Tests\CodeJam.PerfTests.NUnit.Tests.csproj", "{15F5BFE8-8B7C-4DF6-9E31-48A4BF9FED1C}"
EndProject
Project("{9A19103F-16F7-4668-BE54-9A1E7A4F7556}") = "CodeJam.PerfTests.xUnit.Tests", "CodeJam.PerfTests.xUnit.Tests\CodeJam.PerfTests.xUnit.Tests.csproj", "{F70A32D4-EE5D-477F-965C-428119D4CD39}"
EndProject
Project("{9A19103F-16F7-4668-BE54-9A1E7A4F7556}") = "CodeJam.PerfTests.MSTest.Tests", "CodeJam.PerfTests.MSTest.Tests\CodeJam.PerfTests.MSTest.Tests.csproj", "{B535D8EF-66CC-4701-845D-F4C44C49922E}"
EndProject
Global
	GlobalSection(SolutionConfigurationPlatforms) = preSolution
		Debug|Any CPU = Debug|Any CPU
		Release|Any CPU = Release|Any CPU
	EndGlobalSection
	GlobalSection(ProjectConfigurationPlatforms) = postSolution
		{FDC12C75-44C6-4A55-95A1-1B55060B1B61}.Debug|Any CPU.ActiveCfg = Debug|Any CPU
		{FDC12C75-44C6-4A55-95A1-1B55060B1B61}.Debug|Any CPU.Build.0 = Debug|Any CPU
		{FDC12C75-44C6-4A55-95A1-1B55060B1B61}.Release|Any CPU.ActiveCfg = Release|Any CPU
		{FDC12C75-44C6-4A55-95A1-1B55060B1B61}.Release|Any CPU.Build.0 = Release|Any CPU
		{1D650545-A151-4211-8C29-C38A939403A6}.Debug|Any CPU.ActiveCfg = Debug|Any CPU
		{1D650545-A151-4211-8C29-C38A939403A6}.Debug|Any CPU.Build.0 = Debug|Any CPU
		{1D650545-A151-4211-8C29-C38A939403A6}.Release|Any CPU.ActiveCfg = Release|Any CPU
		{1D650545-A151-4211-8C29-C38A939403A6}.Release|Any CPU.Build.0 = Release|Any CPU
		{0F9C7A70-2B31-4364-BD7F-EE5BB6F3E38D}.Debug|Any CPU.ActiveCfg = Debug|Any CPU
		{0F9C7A70-2B31-4364-BD7F-EE5BB6F3E38D}.Debug|Any CPU.Build.0 = Debug|Any CPU
		{0F9C7A70-2B31-4364-BD7F-EE5BB6F3E38D}.Release|Any CPU.ActiveCfg = Release|Any CPU
		{0F9C7A70-2B31-4364-BD7F-EE5BB6F3E38D}.Release|Any CPU.Build.0 = Release|Any CPU
		{8ABF1A06-4643-49D6-A546-B7473DB10102}.Debug|Any CPU.ActiveCfg = Debug|Any CPU
		{8ABF1A06-4643-49D6-A546-B7473DB10102}.Debug|Any CPU.Build.0 = Debug|Any CPU
		{8ABF1A06-4643-49D6-A546-B7473DB10102}.Release|Any CPU.ActiveCfg = Release|Any CPU
		{8ABF1A06-4643-49D6-A546-B7473DB10102}.Release|Any CPU.Build.0 = Release|Any CPU
		{92C6E5F8-FFEE-4269-92D7-BB9CFEB63D4B}.Debug|Any CPU.ActiveCfg = Debug|Any CPU
		{92C6E5F8-FFEE-4269-92D7-BB9CFEB63D4B}.Debug|Any CPU.Build.0 = Debug|Any CPU
		{92C6E5F8-FFEE-4269-92D7-BB9CFEB63D4B}.Release|Any CPU.ActiveCfg = Release|Any CPU
		{92C6E5F8-FFEE-4269-92D7-BB9CFEB63D4B}.Release|Any CPU.Build.0 = Release|Any CPU
		{84C380D0-0EA7-4262-BB9E-44C7156EC091}.Debug|Any CPU.ActiveCfg = Debug|Any CPU
		{84C380D0-0EA7-4262-BB9E-44C7156EC091}.Debug|Any CPU.Build.0 = Debug|Any CPU
		{84C380D0-0EA7-4262-BB9E-44C7156EC091}.Release|Any CPU.ActiveCfg = Release|Any CPU
		{84C380D0-0EA7-4262-BB9E-44C7156EC091}.Release|Any CPU.Build.0 = Release|Any CPU
		{08E84F45-2782-4D2E-85C0-FE86AF491C94}.Debug|Any CPU.ActiveCfg = Debug|Any CPU
		{08E84F45-2782-4D2E-85C0-FE86AF491C94}.Debug|Any CPU.Build.0 = Debug|Any CPU
		{08E84F45-2782-4D2E-85C0-FE86AF491C94}.Release|Any CPU.ActiveCfg = Release|Any CPU
		{08E84F45-2782-4D2E-85C0-FE86AF491C94}.Release|Any CPU.Build.0 = Release|Any CPU
		{15F5BFE8-8B7C-4DF6-9E31-48A4BF9FED1C}.Debug|Any CPU.ActiveCfg = Debug|Any CPU
		{15F5BFE8-8B7C-4DF6-9E31-48A4BF9FED1C}.Debug|Any CPU.Build.0 = Debug|Any CPU
		{15F5BFE8-8B7C-4DF6-9E31-48A4BF9FED1C}.Release|Any CPU.ActiveCfg = Release|Any CPU
		{15F5BFE8-8B7C-4DF6-9E31-48A4BF9FED1C}.Release|Any CPU.Build.0 = Release|Any CPU
		{F70A32D4-EE5D-477F-965C-428119D4CD39}.Debug|Any CPU.ActiveCfg = Debug|Any CPU
		{F70A32D4-EE5D-477F-965C-428119D4CD39}.Debug|Any CPU.Build.0 = Debug|Any CPU
		{F70A32D4-EE5D-477F-965C-428119D4CD39}.Release|Any CPU.ActiveCfg = Release|Any CPU
		{F70A32D4-EE5D-477F-965C-428119D4CD39}.Release|Any CPU.Build.0 = Release|Any CPU
		{B535D8EF-66CC-4701-845D-F4C44C49922E}.Debug|Any CPU.ActiveCfg = Debug|Any CPU
		{B535D8EF-66CC-4701-845D-F4C44C49922E}.Debug|Any CPU.Build.0 = Debug|Any CPU
		{B535D8EF-66CC-4701-845D-F4C44C49922E}.Release|Any CPU.ActiveCfg = Release|Any CPU
		{B535D8EF-66CC-4701-845D-F4C44C49922E}.Release|Any CPU.Build.0 = Release|Any CPU
	EndGlobalSection
	GlobalSection(SolutionProperties) = preSolution
		HideSolutionNode = FALSE
	EndGlobalSection
	GlobalSection(NestedProjects) = preSolution
		{FDC12C75-44C6-4A55-95A1-1B55060B1B61} = {9D0AA096-A8A5-4231-B383-6D7E92EF635B}
		{1D650545-A151-4211-8C29-C38A939403A6} = {9B5B71C3-9E80-46CA-B3C4-7969E69AAABA}
		{0F9C7A70-2B31-4364-BD7F-EE5BB6F3E38D} = {9B5B71C3-9E80-46CA-B3C4-7969E69AAABA}
		{8ABF1A06-4643-49D6-A546-B7473DB10102} = {9B5B71C3-9E80-46CA-B3C4-7969E69AAABA}
		{92C6E5F8-FFEE-4269-92D7-BB9CFEB63D4B} = {9B5B71C3-9E80-46CA-B3C4-7969E69AAABA}
		{84C380D0-0EA7-4262-BB9E-44C7156EC091} = {9B5B71C3-9E80-46CA-B3C4-7969E69AAABA}
		{08E84F45-2782-4D2E-85C0-FE86AF491C94} = {F3EABF15-EEED-4DB5-81EB-D09C76446CEC}
		{15F5BFE8-8B7C-4DF6-9E31-48A4BF9FED1C} = {F3EABF15-EEED-4DB5-81EB-D09C76446CEC}
		{F70A32D4-EE5D-477F-965C-428119D4CD39} = {F3EABF15-EEED-4DB5-81EB-D09C76446CEC}
		{B535D8EF-66CC-4701-845D-F4C44C49922E} = {F3EABF15-EEED-4DB5-81EB-D09C76446CEC}
	EndGlobalSection
	GlobalSection(ExtensibilityGlobals) = postSolution
		SolutionGuid = {D282F995-E5B5-4A94-8404-2E2EE664DDBE}
	EndGlobalSection
EndGlobal
