### YamlMime:ManagedReference
items:
- uid: BenchmarkDotNet.Horology.ProcessCycleTimeClock
  commentId: T:BenchmarkDotNet.Horology.ProcessCycleTimeClock
  id: ProcessCycleTimeClock
  parent: BenchmarkDotNet.Horology
  children:
  - BenchmarkDotNet.Horology.ProcessCycleTimeClock.Frequency
  - BenchmarkDotNet.Horology.ProcessCycleTimeClock.GetTimestamp
  - BenchmarkDotNet.Horology.ProcessCycleTimeClock.Instance
  - BenchmarkDotNet.Horology.ProcessCycleTimeClock.IsAvailable
  - BenchmarkDotNet.Horology.ProcessCycleTimeClock.ToString
  langs:
  - csharp
  - vb
  name: ProcessCycleTimeClock
  nameWithType: ProcessCycleTimeClock
  fullName: BenchmarkDotNet.Horology.ProcessCycleTimeClock
  type: Class
  source:
    remote:
      path: PerfTests/src/[L0_PortToBenchmerkDotNet]/Horology/ProcessCycleTimeClock.cs
      branch: master
      repo: https://andrewvk@github.com/rsdn/CodeJam.git
    id: ProcessCycleTimeClock
    path: ../PerfTests/src/[L0_PortToBenchmerkDotNet]/Horology/ProcessCycleTimeClock.cs
    startLine: 14
  assemblies:
  - CodeJam.PerfTests
  namespace: BenchmarkDotNet.Horology
  summary: "\n<xref href=\"BenchmarkDotNet.Horology.IClock\" data-throw-if-not-resolved=\"false\"></xref> implementation over QueryProcessCycleTime().\nWARNING: results are inaccurate (up to +/- 30% to actual time),\nsee https://blogs.msdn.microsoft.com/oldnewthing/20160429-00/?p=93385 for more.\n"
  example: []
  syntax:
    content: 'public sealed class ProcessCycleTimeClock : IClock'
    content.vb: >-
      Public NotInheritable Class ProcessCycleTimeClock
          Implements IClock
  seealso:
  - linkId: BenchmarkDotNet.Horology.IClock
    commentId: T:BenchmarkDotNet.Horology.IClock
  inheritance:
  - System.Object
  implements:
  - BenchmarkDotNet.Horology.IClock
  inheritedMembers:
  - System.Object.Equals(System.Object)
  - System.Object.Equals(System.Object,System.Object)
  - System.Object.ReferenceEquals(System.Object,System.Object)
  - System.Object.GetHashCode
  - System.Object.GetType
  - System.Object.MemberwiseClone
  modifiers.csharp:
  - public
  - sealed
  - class
  modifiers.vb:
  - Public
  - NotInheritable
  - Class
- uid: BenchmarkDotNet.Horology.ProcessCycleTimeClock.Instance
  commentId: F:BenchmarkDotNet.Horology.ProcessCycleTimeClock.Instance
  id: Instance
  parent: BenchmarkDotNet.Horology.ProcessCycleTimeClock
  langs:
  - csharp
  - vb
  name: Instance
  nameWithType: ProcessCycleTimeClock.Instance
  fullName: BenchmarkDotNet.Horology.ProcessCycleTimeClock.Instance
  type: Field
  source:
    remote:
      path: PerfTests/src/[L0_PortToBenchmerkDotNet]/Horology/ProcessCycleTimeClock.cs
      branch: master
      repo: https://andrewvk@github.com/rsdn/CodeJam.git
    id: Instance
    path: ../PerfTests/src/[L0_PortToBenchmerkDotNet]/Horology/ProcessCycleTimeClock.cs
    startLine: 29
  assemblies:
  - CodeJam.PerfTests
  namespace: BenchmarkDotNet.Horology
  summary: Default instance of <xref href="BenchmarkDotNet.Horology.ProcessCycleTimeClock" data-throw-if-not-resolved="false"></xref>.
  example: []
  syntax:
    content: public static readonly IClock Instance
    return:
      type: BenchmarkDotNet.Horology.IClock
    content.vb: Public Shared ReadOnly Instance As IClock
  modifiers.csharp:
  - public
  - static
  - readonly
  modifiers.vb:
  - Public
  - Shared
  - ReadOnly
- uid: BenchmarkDotNet.Horology.ProcessCycleTimeClock.IsAvailable
  commentId: P:BenchmarkDotNet.Horology.ProcessCycleTimeClock.IsAvailable
  id: IsAvailable
  parent: BenchmarkDotNet.Horology.ProcessCycleTimeClock
  langs:
  - csharp
  - vb
  name: IsAvailable
  nameWithType: ProcessCycleTimeClock.IsAvailable
  fullName: BenchmarkDotNet.Horology.ProcessCycleTimeClock.IsAvailable
  type: Property
  source:
    remote:
      path: PerfTests/src/[L0_PortToBenchmerkDotNet]/Horology/ProcessCycleTimeClock.cs
      branch: master
      repo: https://andrewvk@github.com/rsdn/CodeJam.git
    id: IsAvailable
    path: ../PerfTests/src/[L0_PortToBenchmerkDotNet]/Horology/ProcessCycleTimeClock.cs
    startLine: 36
  assemblies:
  - CodeJam.PerfTests
  namespace: BenchmarkDotNet.Horology
  summary: Gets a value indicating whether this instance is available.
  example: []
  syntax:
    content: public bool IsAvailable { get; }
    parameters: []
    return:
      type: System.Boolean
      description: "\n<code>true</code> if this instance is available; otherwise, <code>false</code>.\n"
    content.vb: Public ReadOnly Property IsAvailable As Boolean
  overload: BenchmarkDotNet.Horology.ProcessCycleTimeClock.IsAvailable*
  implements:
  - BenchmarkDotNet.Horology.IClock.IsAvailable
  modifiers.csharp:
  - public
  - get
  modifiers.vb:
  - Public
  - ReadOnly
- uid: BenchmarkDotNet.Horology.ProcessCycleTimeClock.Frequency
  commentId: P:BenchmarkDotNet.Horology.ProcessCycleTimeClock.Frequency
  id: Frequency
  parent: BenchmarkDotNet.Horology.ProcessCycleTimeClock
  langs:
  - csharp
  - vb
  name: Frequency
  nameWithType: ProcessCycleTimeClock.Frequency
  fullName: BenchmarkDotNet.Horology.ProcessCycleTimeClock.Frequency
  type: Property
  source:
    remote:
      path: PerfTests/src/[L0_PortToBenchmerkDotNet]/Horology/ProcessCycleTimeClock.cs
      branch: master
      repo: https://andrewvk@github.com/rsdn/CodeJam.git
    id: Frequency
    path: ../PerfTests/src/[L0_PortToBenchmerkDotNet]/Horology/ProcessCycleTimeClock.cs
    startLine: 40
  assemblies:
  - CodeJam.PerfTests
  namespace: BenchmarkDotNet.Horology
  summary: Gets the frequency.
  example: []
  syntax:
    content: public Frequency Frequency { get; }
    parameters: []
    return:
      type: BenchmarkDotNet.Horology.Frequency
      description: The frequency.
    content.vb: Public ReadOnly Property Frequency As Frequency
  overload: BenchmarkDotNet.Horology.ProcessCycleTimeClock.Frequency*
  implements:
  - BenchmarkDotNet.Horology.IClock.Frequency
  modifiers.csharp:
  - public
  - get
  modifiers.vb:
  - Public
  - ReadOnly
- uid: BenchmarkDotNet.Horology.ProcessCycleTimeClock.GetTimestamp
  commentId: M:BenchmarkDotNet.Horology.ProcessCycleTimeClock.GetTimestamp
  id: GetTimestamp
  parent: BenchmarkDotNet.Horology.ProcessCycleTimeClock
  langs:
  - csharp
  - vb
  name: GetTimestamp()
  nameWithType: ProcessCycleTimeClock.GetTimestamp()
  fullName: BenchmarkDotNet.Horology.ProcessCycleTimeClock.GetTimestamp()
  type: Method
  source:
    remote:
      path: PerfTests/src/[L0_PortToBenchmerkDotNet]/Horology/ProcessCycleTimeClock.cs
      branch: master
      repo: https://andrewvk@github.com/rsdn/CodeJam.git
    id: GetTimestamp
    path: ../PerfTests/src/[L0_PortToBenchmerkDotNet]/Horology/ProcessCycleTimeClock.cs
    startLine: 44
  assemblies:
  - CodeJam.PerfTests
  namespace: BenchmarkDotNet.Horology
  summary: Gets the timestamp.
  example: []
  syntax:
    content: public long GetTimestamp()
    return:
      type: System.Int64
      description: ''
    content.vb: Public Function GetTimestamp As Long
  overload: BenchmarkDotNet.Horology.ProcessCycleTimeClock.GetTimestamp*
  implements:
  - BenchmarkDotNet.Horology.IClock.GetTimestamp
  modifiers.csharp:
  - public
  modifiers.vb:
  - Public
- uid: BenchmarkDotNet.Horology.ProcessCycleTimeClock.ToString
  commentId: M:BenchmarkDotNet.Horology.ProcessCycleTimeClock.ToString
  id: ToString
  parent: BenchmarkDotNet.Horology.ProcessCycleTimeClock
  langs:
  - csharp
  - vb
  name: ToString()
  nameWithType: ProcessCycleTimeClock.ToString()
  fullName: BenchmarkDotNet.Horology.ProcessCycleTimeClock.ToString()
  type: Method
  source:
    remote:
      path: PerfTests/src/[L0_PortToBenchmerkDotNet]/Horology/ProcessCycleTimeClock.cs
      branch: master
      repo: https://andrewvk@github.com/rsdn/CodeJam.git
    id: ToString
    path: ../PerfTests/src/[L0_PortToBenchmerkDotNet]/Horology/ProcessCycleTimeClock.cs
    startLine: 53
  assemblies:
  - CodeJam.PerfTests
  namespace: BenchmarkDotNet.Horology
  summary: "\nReturns a <xref href=\"System.String\" data-throw-if-not-resolved=\"false\"></xref> that represents this instance.\n"
  example: []
  syntax:
    content: public override string ToString()
    return:
      type: System.String
      description: "\nA <xref href=\"System.String\" data-throw-if-not-resolved=\"false\"></xref> that represents this instance.\n"
    content.vb: Public Overrides Function ToString As String
  overridden: System.Object.ToString
  overload: BenchmarkDotNet.Horology.ProcessCycleTimeClock.ToString*
  modifiers.csharp:
  - public
  - override
  modifiers.vb:
  - Public
  - Overrides
references:
- uid: BenchmarkDotNet.Horology.IClock
  commentId: T:BenchmarkDotNet.Horology.IClock
  parent: BenchmarkDotNet.Horology
  isExternal: true
  name: IClock
  nameWithType: IClock
  fullName: BenchmarkDotNet.Horology.IClock
- uid: BenchmarkDotNet.Horology
  commentId: N:BenchmarkDotNet.Horology
  isExternal: false
  name: BenchmarkDotNet.Horology
  nameWithType: BenchmarkDotNet.Horology
  fullName: BenchmarkDotNet.Horology
- uid: System.Object
  commentId: T:System.Object
  parent: System
  isExternal: true
  name: Object
  nameWithType: Object
  fullName: System.Object
- uid: System.Object.Equals(System.Object)
  commentId: M:System.Object.Equals(System.Object)
  parent: System.Object
  isExternal: true
  name: Equals(Object)
  nameWithType: Object.Equals(Object)
  fullName: System.Object.Equals(System.Object)
  spec.csharp:
  - uid: System.Object.Equals(System.Object)
    name: Equals
    nameWithType: Object.Equals
    fullName: System.Object.Equals
    isExternal: true
  - name: (
    nameWithType: (
    fullName: (
  - uid: System.Object
    name: Object
    nameWithType: Object
    fullName: System.Object
    isExternal: true
  - name: )
    nameWithType: )
    fullName: )
  spec.vb:
  - uid: System.Object.Equals(System.Object)
    name: Equals
    nameWithType: Object.Equals
    fullName: System.Object.Equals
    isExternal: true
  - name: (
    nameWithType: (
    fullName: (
  - uid: System.Object
    name: Object
    nameWithType: Object
    fullName: System.Object
    isExternal: true
  - name: )
    nameWithType: )
    fullName: )
- uid: System.Object.Equals(System.Object,System.Object)
  commentId: M:System.Object.Equals(System.Object,System.Object)
  parent: System.Object
  isExternal: true
  name: Equals(Object, Object)
  nameWithType: Object.Equals(Object, Object)
  fullName: System.Object.Equals(System.Object, System.Object)
  spec.csharp:
  - uid: System.Object.Equals(System.Object,System.Object)
    name: Equals
    nameWithType: Object.Equals
    fullName: System.Object.Equals
    isExternal: true
  - name: (
    nameWithType: (
    fullName: (
  - uid: System.Object
    name: Object
    nameWithType: Object
    fullName: System.Object
    isExternal: true
  - name: ', '
    nameWithType: ', '
    fullName: ', '
  - uid: System.Object
    name: Object
    nameWithType: Object
    fullName: System.Object
    isExternal: true
  - name: )
    nameWithType: )
    fullName: )
  spec.vb:
  - uid: System.Object.Equals(System.Object,System.Object)
    name: Equals
    nameWithType: Object.Equals
    fullName: System.Object.Equals
    isExternal: true
  - name: (
    nameWithType: (
    fullName: (
  - uid: System.Object
    name: Object
    nameWithType: Object
    fullName: System.Object
    isExternal: true
  - name: ', '
    nameWithType: ', '
    fullName: ', '
  - uid: System.Object
    name: Object
    nameWithType: Object
    fullName: System.Object
    isExternal: true
  - name: )
    nameWithType: )
    fullName: )
- uid: System.Object.ReferenceEquals(System.Object,System.Object)
  commentId: M:System.Object.ReferenceEquals(System.Object,System.Object)
  parent: System.Object
  isExternal: true
  name: ReferenceEquals(Object, Object)
  nameWithType: Object.ReferenceEquals(Object, Object)
  fullName: System.Object.ReferenceEquals(System.Object, System.Object)
  spec.csharp:
  - uid: System.Object.ReferenceEquals(System.Object,System.Object)
    name: ReferenceEquals
    nameWithType: Object.ReferenceEquals
    fullName: System.Object.ReferenceEquals
    isExternal: true
  - name: (
    nameWithType: (
    fullName: (
  - uid: System.Object
    name: Object
    nameWithType: Object
    fullName: System.Object
    isExternal: true
  - name: ', '
    nameWithType: ', '
    fullName: ', '
  - uid: System.Object
    name: Object
    nameWithType: Object
    fullName: System.Object
    isExternal: true
  - name: )
    nameWithType: )
    fullName: )
  spec.vb:
  - uid: System.Object.ReferenceEquals(System.Object,System.Object)
    name: ReferenceEquals
    nameWithType: Object.ReferenceEquals
    fullName: System.Object.ReferenceEquals
    isExternal: true
  - name: (
    nameWithType: (
    fullName: (
  - uid: System.Object
    name: Object
    nameWithType: Object
    fullName: System.Object
    isExternal: true
  - name: ', '
    nameWithType: ', '
    fullName: ', '
  - uid: System.Object
    name: Object
    nameWithType: Object
    fullName: System.Object
    isExternal: true
  - name: )
    nameWithType: )
    fullName: )
- uid: System.Object.GetHashCode
  commentId: M:System.Object.GetHashCode
  parent: System.Object
  isExternal: true
  name: GetHashCode()
  nameWithType: Object.GetHashCode()
  fullName: System.Object.GetHashCode()
  spec.csharp:
  - uid: System.Object.GetHashCode
    name: GetHashCode
    nameWithType: Object.GetHashCode
    fullName: System.Object.GetHashCode
    isExternal: true
  - name: (
    nameWithType: (
    fullName: (
  - name: )
    nameWithType: )
    fullName: )
  spec.vb:
  - uid: System.Object.GetHashCode
    name: GetHashCode
    nameWithType: Object.GetHashCode
    fullName: System.Object.GetHashCode
    isExternal: true
  - name: (
    nameWithType: (
    fullName: (
  - name: )
    nameWithType: )
    fullName: )
- uid: System.Object.GetType
  commentId: M:System.Object.GetType
  parent: System.Object
  isExternal: true
  name: GetType()
  nameWithType: Object.GetType()
  fullName: System.Object.GetType()
  spec.csharp:
  - uid: System.Object.GetType
    name: GetType
    nameWithType: Object.GetType
    fullName: System.Object.GetType
    isExternal: true
  - name: (
    nameWithType: (
    fullName: (
  - name: )
    nameWithType: )
    fullName: )
  spec.vb:
  - uid: System.Object.GetType
    name: GetType
    nameWithType: Object.GetType
    fullName: System.Object.GetType
    isExternal: true
  - name: (
    nameWithType: (
    fullName: (
  - name: )
    nameWithType: )
    fullName: )
- uid: System.Object.MemberwiseClone
  commentId: M:System.Object.MemberwiseClone
  parent: System.Object
  isExternal: true
  name: MemberwiseClone()
  nameWithType: Object.MemberwiseClone()
  fullName: System.Object.MemberwiseClone()
  spec.csharp:
  - uid: System.Object.MemberwiseClone
    name: MemberwiseClone
    nameWithType: Object.MemberwiseClone
    fullName: System.Object.MemberwiseClone
    isExternal: true
  - name: (
    nameWithType: (
    fullName: (
  - name: )
    nameWithType: )
    fullName: )
  spec.vb:
  - uid: System.Object.MemberwiseClone
    name: MemberwiseClone
    nameWithType: Object.MemberwiseClone
    fullName: System.Object.MemberwiseClone
    isExternal: true
  - name: (
    nameWithType: (
    fullName: (
  - name: )
    nameWithType: )
    fullName: )
- uid: System
  commentId: N:System
  isExternal: false
  name: System
  nameWithType: System
  fullName: System
- uid: BenchmarkDotNet.Horology.ProcessCycleTimeClock
  commentId: T:BenchmarkDotNet.Horology.ProcessCycleTimeClock
  isExternal: false
  name: ProcessCycleTimeClock
  nameWithType: ProcessCycleTimeClock
  fullName: BenchmarkDotNet.Horology.ProcessCycleTimeClock
- uid: BenchmarkDotNet.Horology.ProcessCycleTimeClock.IsAvailable*
  commentId: Overload:BenchmarkDotNet.Horology.ProcessCycleTimeClock.IsAvailable
  isExternal: false
  name: IsAvailable
  nameWithType: ProcessCycleTimeClock.IsAvailable
  fullName: BenchmarkDotNet.Horology.ProcessCycleTimeClock.IsAvailable
- uid: BenchmarkDotNet.Horology.IClock.IsAvailable
  commentId: P:BenchmarkDotNet.Horology.IClock.IsAvailable
  parent: BenchmarkDotNet.Horology.IClock
  isExternal: true
  name: IsAvailable
  nameWithType: IClock.IsAvailable
  fullName: BenchmarkDotNet.Horology.IClock.IsAvailable
- uid: System.Boolean
  commentId: T:System.Boolean
  parent: System
  isExternal: true
  name: Boolean
  nameWithType: Boolean
  fullName: System.Boolean
- uid: BenchmarkDotNet.Horology.ProcessCycleTimeClock.Frequency*
  commentId: Overload:BenchmarkDotNet.Horology.ProcessCycleTimeClock.Frequency
  isExternal: false
  name: Frequency
  nameWithType: ProcessCycleTimeClock.Frequency
  fullName: BenchmarkDotNet.Horology.ProcessCycleTimeClock.Frequency
- uid: BenchmarkDotNet.Horology.IClock.Frequency
  commentId: P:BenchmarkDotNet.Horology.IClock.Frequency
  parent: BenchmarkDotNet.Horology.IClock
  isExternal: true
  name: Frequency
  nameWithType: IClock.Frequency
  fullName: BenchmarkDotNet.Horology.IClock.Frequency
- uid: BenchmarkDotNet.Horology.Frequency
  commentId: T:BenchmarkDotNet.Horology.Frequency
  parent: BenchmarkDotNet.Horology
  isExternal: true
  name: Frequency
  nameWithType: Frequency
  fullName: BenchmarkDotNet.Horology.Frequency
- uid: BenchmarkDotNet.Horology.ProcessCycleTimeClock.GetTimestamp*
  commentId: Overload:BenchmarkDotNet.Horology.ProcessCycleTimeClock.GetTimestamp
  isExternal: false
  name: GetTimestamp
  nameWithType: ProcessCycleTimeClock.GetTimestamp
  fullName: BenchmarkDotNet.Horology.ProcessCycleTimeClock.GetTimestamp
- uid: BenchmarkDotNet.Horology.IClock.GetTimestamp
  commentId: M:BenchmarkDotNet.Horology.IClock.GetTimestamp
  parent: BenchmarkDotNet.Horology.IClock
  isExternal: true
  name: GetTimestamp()
  nameWithType: IClock.GetTimestamp()
  fullName: BenchmarkDotNet.Horology.IClock.GetTimestamp()
  spec.csharp:
  - uid: BenchmarkDotNet.Horology.IClock.GetTimestamp
    name: GetTimestamp
    nameWithType: IClock.GetTimestamp
    fullName: BenchmarkDotNet.Horology.IClock.GetTimestamp
    isExternal: true
  - name: (
    nameWithType: (
    fullName: (
  - name: )
    nameWithType: )
    fullName: )
  spec.vb:
  - uid: BenchmarkDotNet.Horology.IClock.GetTimestamp
    name: GetTimestamp
    nameWithType: IClock.GetTimestamp
    fullName: BenchmarkDotNet.Horology.IClock.GetTimestamp
    isExternal: true
  - name: (
    nameWithType: (
    fullName: (
  - name: )
    nameWithType: )
    fullName: )
- uid: System.Int64
  commentId: T:System.Int64
  parent: System
  isExternal: true
  name: Int64
  nameWithType: Int64
  fullName: System.Int64
- uid: System.String
  commentId: T:System.String
  parent: System
  isExternal: true
  name: String
  nameWithType: String
  fullName: System.String
- uid: System.Object.ToString
  commentId: M:System.Object.ToString
  parent: System.Object
  isExternal: true
  name: ToString()
  nameWithType: Object.ToString()
  fullName: System.Object.ToString()
  spec.csharp:
  - uid: System.Object.ToString
    name: ToString
    nameWithType: Object.ToString
    fullName: System.Object.ToString
    isExternal: true
  - name: (
    nameWithType: (
    fullName: (
  - name: )
    nameWithType: )
    fullName: )
  spec.vb:
  - uid: System.Object.ToString
    name: ToString
    nameWithType: Object.ToString
    fullName: System.Object.ToString
    isExternal: true
  - name: (
    nameWithType: (
    fullName: (
  - name: )
    nameWithType: )
    fullName: )
- uid: BenchmarkDotNet.Horology.ProcessCycleTimeClock.ToString*
  commentId: Overload:BenchmarkDotNet.Horology.ProcessCycleTimeClock.ToString
  isExternal: false
  name: ToString
  nameWithType: ProcessCycleTimeClock.ToString
  fullName: BenchmarkDotNet.Horology.ProcessCycleTimeClock.ToString
